{
  "name": "iptv",
  "requires": true,
  "lockfileVersion": 1,
  "dependencies": {
    "@babel/runtime-corejs2": {
      "version": "7.6.2",
      "resolved": "https://registry.npmjs.org/@babel/runtime-corejs2/-/runtime-corejs2-7.6.2.tgz",
      "integrity": "sha512-wdyVKnTv9Be4YlwF/7pByYNfcl23qC21aAQ0aIaZOo2ZOvhFEyJdBLJClYZ9i+Pmrz7sUQgg/MwbJa2RZTkygg==",
      "dev": true,
      "requires": {
        "core-js": "^2.6.5",
        "regenerator-runtime": "^0.13.2"
      }
    },
    "axios": {
      "version": "0.19.0",
      "resolved": "https://registry.npmjs.org/axios/-/axios-0.19.0.tgz",
      "integrity": "sha512-1uvKqKQta3KBxIz14F2v06AEHZ/dIoeKfbTRkK1E5oqjDnuEerLmYTgJB5AiQZHJcljpg1TuRzdjDR06qNk0DQ==",
      "dev": true,
      "requires": {
        "follow-redirects": "1.5.10",
        "is-buffer": "^2.0.2"
      }
    },
    "core-js": {
      "version": "2.6.9",
      "resolved": "https://registry.npmjs.org/core-js/-/core-js-2.6.9.tgz",
      "integrity": "sha512-HOpZf6eXmnl7la+cUdMnLvUxKNqLUzJvgIziQ0DiF3JwSImNphIqdGqzj6hIKyX04MmV0poclQ7+wjWvxQyR2A==",
      "dev": true
    },
    "debug": {
      "version": "3.1.0",
      "resolved": "https://registry.npmjs.org/debug/-/debug-3.1.0.tgz",
      "integrity": "sha512-OX8XqP7/1a9cqkxYw2yXss15f26NKWBpDXQd0/uK/KPqdQhxbPa994hnzjcE2VqQpDslf55723cKPUOGSmMY3g==",
      "dev": true,
      "requires": {
        "ms": "2.0.0"
      }
    },
    "decamelize": {
      "version": "3.2.0",
      "resolved": "https://registry.npmjs.org/decamelize/-/decamelize-3.2.0.tgz",
      "integrity": "sha512-4TgkVUsmmu7oCSyGBm5FvfMoACuoh9EOidm7V5/J2X2djAwwt57qb3F2KMP2ITqODTCSwb+YRV+0Zqrv18k/hw==",
      "dev": true,
      "requires": {
        "xregexp": "^4.2.4"
      }
    },
    "follow-redirects": {
      "version": "1.5.10",
      "resolved": "https://registry.npmjs.org/follow-redirects/-/follow-redirects-1.5.10.tgz",
      "integrity": "sha512-0V5l4Cizzvqt5D44aTXbFZz+FtyXV1vrDN6qrelxtfYQKW0KO0W2T/hkE8xvGa/540LkZlkaUjO4ailYTFtHVQ==",
      "dev": true,
      "requires": {
        "debug": "=3.1.0"
      }
    },
    "iptv-playlist-parser": {
      "version": "0.2.2",
      "resolved": "https://registry.npmjs.org/iptv-playlist-parser/-/iptv-playlist-parser-0.2.2.tgz",
      "integrity": "sha512-F0BoyFJNv2NxhAGU/lJnQJ5J6eDktmJdoOi06C4SEuBHv3y61eLNjcbFi/kE9TlAo8Lry4t4U0Io+MOQX3mXHw==",
      "dev": true,
      "requires": {
        "decamelize": "^3.2.0",
        "m3u8-file-parser": "^0.2.2"
      }
    },
    "is-buffer": {
      "version": "2.0.3",
      "resolved": "https://registry.npmjs.org/is-buffer/-/is-buffer-2.0.3.tgz",
      "integrity": "sha512-U15Q7MXTuZlrbymiz95PJpZxu8IlipAp4dtS3wOdgPXx3mqBnslrWU14kxfHB+Py/+2PVKSr37dMAgM2A4uArw==",
      "dev": true
    },
    "m3u8-file-parser": {
      "version": "0.2.2",
      "resolved": "https://registry.npmjs.org/m3u8-file-parser/-/m3u8-file-parser-0.2.2.tgz",
      "integrity": "sha512-OW2m2wcVh4g55MKpe5jxp4AOkpUVQEuaXEF8YTnIP1eAPmLtmuzfk+QcHqA+raqK3zdkz/nHjNvoCKn0k6UgzA==",
      "dev": true
    },
    "markdown-include": {
      "version": "0.4.3",
      "resolved": "https://registry.npmjs.org/markdown-include/-/markdown-include-0.4.3.tgz",
      "integrity": "sha1-usZVVALG2pOg9SlSIl37mmzMcxs=",
      "dev": true,
      "requires": {
        "q": "^1.2.0"
      }
    },
    "ms": {
      "version": "2.0.0",
      "resolved": "https://registry.npmjs.org/ms/-/ms-2.0.0.tgz",
      "integrity": "sha1-VgiurfwAvmwpAd9fmGF4jeDVl8g=",
      "dev": true
    },
    "q": {
      "version": "1.5.1",
      "resolved": "https://registry.npmjs.org/q/-/q-1.5.1.tgz",
      "integrity": "sha1-fjL3W0E4EpHQRhHxvxQQmsAGUdc=",
      "dev": true
    },
    "regenerator-runtime": {
      "version": "0.13.3",
      "resolved": "https://registry.npmjs.org/regenerator-runtime/-/regenerator-runtime-0.13.3.tgz",
      "integrity": "sha512-naKIZz2GQ8JWh///G7L3X6LaQUAMp2lvb1rvwwsURe/VXwD6VMfr+/1NuNw3ag8v2kY1aQ/go5SNn79O9JU7yw==",
      "dev": true
    },
    "xmldom": {
      "version": "0.1.27",
      "resolved": "https://registry.npmjs.org/xmldom/-/xmldom-0.1.27.tgz",
      "integrity": "sha1-1QH5ezvbQDr4757MIFcxh6rawOk=",
      "dev": true
    },
    "xregexp": {
      "version": "4.2.4",
      "resolved": "https://registry.npmjs.org/xregexp/-/xregexp-4.2.4.tgz",
      "integrity": "sha512-sO0bYdYeJAJBcJA8g7MJJX7UrOZIfJPd8U2SC7B2Dd/J24U0aQNoGp33shCaBSWeb0rD5rh6VBUIXOkGal1TZA==",
      "dev": true,
      "requires": {
        "@babel/runtime-corejs2": "^7.2.0"
      }
    }
  }
}
